// !$*UTF8*$!
{
	archiveVersion = 1;
	classes = {
	};
	objectVersion = 46;
	objects = {

/* Begin PBXBuildFile section */
		2972DAF31E670F7900906D92 /* ViewController.m in Sources */ = {isa = PBXBuildFile; fileRef = 651033E21D489013008D5C4F /* ViewController.m */; };
		2972DAF71E670F7900906D92 /* AppDelegate.m in Sources */ = {isa = PBXBuildFile; fileRef = 651033DF1D489013008D5C4F /* AppDelegate.m */; };
		2972DAFA1E670F7900906D92 /* main.m in Sources */ = {isa = PBXBuildFile; fileRef = 651033DC1D489013008D5C4F /* main.m */; };
		2972DAFC1E670F7900906D92 /* FXDeallocMonitor.m in Sources */ = {isa = PBXBuildFile; fileRef = 65F2AE011D5D8373003BC13F /* FXDeallocMonitor.m */; };
		2972DB001E670F7900906D92 /* LaunchScreen.storyboard in Resources */ = {isa = PBXBuildFile; fileRef = 651033E91D489013008D5C4F /* LaunchScreen.storyboard */; };
		2972DB021E670F7900906D92 /* Assets.xcassets in Resources */ = {isa = PBXBuildFile; fileRef = 651033E71D489013008D5C4F /* Assets.xcassets */; };
		2972DB031E670F7900906D92 /* Main.storyboard in Resources */ = {isa = PBXBuildFile; fileRef = 651033E41D489013008D5C4F /* Main.storyboard */; };
		297C6A4B1E686E4C006F2A0B /* NSObject+FXJSONConvert.m in Sources */ = {isa = PBXBuildFile; fileRef = 297C6A4A1E686E4C006F2A0B /* NSObject+FXJSONConvert.m */; };
		297C6E901E68733D006F2A0B /* gifts in Resources */ = {isa = PBXBuildFile; fileRef = 297C6E8F1E68733D006F2A0B /* gifts */; };
		29B1B6421E67211100F88B25 /* FXAnimation.m in Sources */ = {isa = PBXBuildFile; fileRef = 29B1B6351E67211100F88B25 /* FXAnimation.m */; };
		29B1B6431E67211100F88B25 /* FXAnimationGroup.m in Sources */ = {isa = PBXBuildFile; fileRef = 29B1B6371E67211100F88B25 /* FXAnimationGroup.m */; };
		29B1B6441E67211100F88B25 /* FXKeyframeAnimation.m in Sources */ = {isa = PBXBuildFile; fileRef = 29B1B63A1E67211100F88B25 /* FXKeyframeAnimation.m */; };
		29B1B6451E67211100F88B25 /* NSTimer+FXWeakTimer.m in Sources */ = {isa = PBXBuildFile; fileRef = 29B1B63D1E67211100F88B25 /* NSTimer+FXWeakTimer.m */; };
		29B1B6461E67211100F88B25 /* UIImage+FXDecoder.m in Sources */ = {isa = PBXBuildFile; fileRef = 29B1B63F1E67211100F88B25 /* UIImage+FXDecoder.m */; };
		29B1B6471E67211100F88B25 /* UIView+FXAnimationEngine.m in Sources */ = {isa = PBXBuildFile; fileRef = 29B1B6411E67211100F88B25 /* UIView+FXAnimationEngine.m */; };
		54ED31024B54DBBF7F08A81C /* libPods-FXAnimationEngineDemo.a in Frameworks */ = {isa = PBXBuildFile; fileRef = 8F9E5F295DFECD0CD5F0DDF5 /* libPods-FXAnimationEngineDemo.a */; };
		654F7EDA1E6806D000700DFA /* GiftListViewController.m in Sources */ = {isa = PBXBuildFile; fileRef = 654F7EC91E6806D000700DFA /* GiftListViewController.m */; };
		654F7EDB1E6806D000700DFA /* GiftListViewModel.m in Sources */ = {isa = PBXBuildFile; fileRef = 654F7ECB1E6806D000700DFA /* GiftListViewModel.m */; };
		654F7EDC1E6806D000700DFA /* GiftAnimation.m in Sources */ = {isa = PBXBuildFile; fileRef = 654F7ECE1E6806D000700DFA /* GiftAnimation.m */; };
		654F7EDD1E6806D000700DFA /* GiftAnimationConfig.m in Sources */ = {isa = PBXBuildFile; fileRef = 654F7ED01E6806D000700DFA /* GiftAnimationConfig.m */; };
		654F7EDE1E6806D000700DFA /* GiftItem.m in Sources */ = {isa = PBXBuildFile; fileRef = 654F7ED21E6806D000700DFA /* GiftItem.m */; };
		654F7EDF1E6806D000700DFA /* GiftService.m in Sources */ = {isa = PBXBuildFile; fileRef = 654F7ED51E6806D000700DFA /* GiftService.m */; };
		654F7EE01E6806D000700DFA /* GiftListCell.m in Sources */ = {isa = PBXBuildFile; fileRef = 654F7ED81E6806D000700DFA /* GiftListCell.m */; };
		654F7EE11E6806D000700DFA /* GiftListCell.xib in Resources */ = {isa = PBXBuildFile; fileRef = 654F7ED91E6806D000700DFA /* GiftListCell.xib */; };
		65DB7ED11E681E580092CFBE /* GiftImageInfo.m in Sources */ = {isa = PBXBuildFile; fileRef = 65DB7ED01E681E580092CFBE /* GiftImageInfo.m */; };
/* End PBXBuildFile section */

/* Begin PBXFileReference section */
		171D496EE877DC7B1B39D332 /* Pods-FXKeyframeAnimationDemo.debug.xcconfig */ = {isa = PBXFileReference; includeInIndex = 1; lastKnownFileType = text.xcconfig; name = "Pods-FXKeyframeAnimationDemo.debug.xcconfig"; path = "Pods/Target Support Files/Pods-FXKeyframeAnimationDemo/Pods-FXKeyframeAnimationDemo.debug.xcconfig"; sourceTree = "<group>"; };
		1A688BD3AF24B6126B29ED13 /* Pods-FXAnimationEngineDemo.release.xcconfig */ = {isa = PBXFileReference; includeInIndex = 1; lastKnownFileType = text.xcconfig; name = "Pods-FXAnimationEngineDemo.release.xcconfig"; path = "Pods/Target Support Files/Pods-FXAnimationEngineDemo/Pods-FXAnimationEngineDemo.release.xcconfig"; sourceTree = "<group>"; };
		2972DB091E670F7900906D92 /* FXAnimationEngineDemo.app */ = {isa = PBXFileReference; explicitFileType = wrapper.application; includeInIndex = 0; path = FXAnimationEngineDemo.app; sourceTree = BUILT_PRODUCTS_DIR; };
		297C6A491E686E4C006F2A0B /* NSObject+FXJSONConvert.h */ = {isa = PBXFileReference; fileEncoding = 4; lastKnownFileType = sourcecode.c.h; path = "NSObject+FXJSONConvert.h"; sourceTree = "<group>"; };
		297C6A4A1E686E4C006F2A0B /* NSObject+FXJSONConvert.m */ = {isa = PBXFileReference; fileEncoding = 4; lastKnownFileType = sourcecode.c.objc; path = "NSObject+FXJSONConvert.m"; sourceTree = "<group>"; };
		297C6E8F1E68733D006F2A0B /* gifts */ = {isa = PBXFileReference; lastKnownFileType = folder; path = gifts; sourceTree = "<group>"; };
		29B1B6331E67211100F88B25 /* FXAnimaionEngineMacro.h */ = {isa = PBXFileReference; fileEncoding = 4; lastKnownFileType = sourcecode.c.h; path = FXAnimaionEngineMacro.h; sourceTree = "<group>"; };
		29B1B6341E67211100F88B25 /* FXAnimation.h */ = {isa = PBXFileReference; fileEncoding = 4; lastKnownFileType = sourcecode.c.h; path = FXAnimation.h; sourceTree = "<group>"; };
		29B1B6351E67211100F88B25 /* FXAnimation.m */ = {isa = PBXFileReference; fileEncoding = 4; lastKnownFileType = sourcecode.c.objc; path = FXAnimation.m; sourceTree = "<group>"; };
		29B1B6361E67211100F88B25 /* FXAnimationGroup.h */ = {isa = PBXFileReference; fileEncoding = 4; lastKnownFileType = sourcecode.c.h; path = FXAnimationGroup.h; sourceTree = "<group>"; };
		29B1B6371E67211100F88B25 /* FXAnimationGroup.m */ = {isa = PBXFileReference; fileEncoding = 4; lastKnownFileType = sourcecode.c.objc; path = FXAnimationGroup.m; sourceTree = "<group>"; };
		29B1B6381E67211100F88B25 /* FXAnimationGroup_Private.h */ = {isa = PBXFileReference; fileEncoding = 4; lastKnownFileType = sourcecode.c.h; path = FXAnimationGroup_Private.h; sourceTree = "<group>"; };
		29B1B6391E67211100F88B25 /* FXKeyframeAnimation.h */ = {isa = PBXFileReference; fileEncoding = 4; lastKnownFileType = sourcecode.c.h; path = FXKeyframeAnimation.h; sourceTree = "<group>"; };
		29B1B63A1E67211100F88B25 /* FXKeyframeAnimation.m */ = {isa = PBXFileReference; fileEncoding = 4; lastKnownFileType = sourcecode.c.objc; path = FXKeyframeAnimation.m; sourceTree = "<group>"; };
		29B1B63B1E67211100F88B25 /* FXKeyframeAnimation_Private.h */ = {isa = PBXFileReference; fileEncoding = 4; lastKnownFileType = sourcecode.c.h; path = FXKeyframeAnimation_Private.h; sourceTree = "<group>"; };
		29B1B63C1E67211100F88B25 /* NSTimer+FXWeakTimer.h */ = {isa = PBXFileReference; fileEncoding = 4; lastKnownFileType = sourcecode.c.h; path = "NSTimer+FXWeakTimer.h"; sourceTree = "<group>"; };
		29B1B63D1E67211100F88B25 /* NSTimer+FXWeakTimer.m */ = {isa = PBXFileReference; fileEncoding = 4; lastKnownFileType = sourcecode.c.objc; path = "NSTimer+FXWeakTimer.m"; sourceTree = "<group>"; };
		29B1B63E1E67211100F88B25 /* UIImage+FXDecoder.h */ = {isa = PBXFileReference; fileEncoding = 4; lastKnownFileType = sourcecode.c.h; path = "UIImage+FXDecoder.h"; sourceTree = "<group>"; };
		29B1B63F1E67211100F88B25 /* UIImage+FXDecoder.m */ = {isa = PBXFileReference; fileEncoding = 4; lastKnownFileType = sourcecode.c.objc; path = "UIImage+FXDecoder.m"; sourceTree = "<group>"; };
		29B1B6401E67211100F88B25 /* UIView+FXAnimationEngine.h */ = {isa = PBXFileReference; fileEncoding = 4; lastKnownFileType = sourcecode.c.h; path = "UIView+FXAnimationEngine.h"; sourceTree = "<group>"; };
		29B1B6411E67211100F88B25 /* UIView+FXAnimationEngine.m */ = {isa = PBXFileReference; fileEncoding = 4; lastKnownFileType = sourcecode.c.objc; path = "UIView+FXAnimationEngine.m"; sourceTree = "<group>"; };
		651033DC1D489013008D5C4F /* main.m */ = {isa = PBXFileReference; lastKnownFileType = sourcecode.c.objc; path = main.m; sourceTree = "<group>"; };
		651033DE1D489013008D5C4F /* AppDelegate.h */ = {isa = PBXFileReference; lastKnownFileType = sourcecode.c.h; path = AppDelegate.h; sourceTree = "<group>"; };
		651033DF1D489013008D5C4F /* AppDelegate.m */ = {isa = PBXFileReference; lastKnownFileType = sourcecode.c.objc; path = AppDelegate.m; sourceTree = "<group>"; };
		651033E11D489013008D5C4F /* ViewController.h */ = {isa = PBXFileReference; lastKnownFileType = sourcecode.c.h; path = ViewController.h; sourceTree = "<group>"; };
		651033E21D489013008D5C4F /* ViewController.m */ = {isa = PBXFileReference; lastKnownFileType = sourcecode.c.objc; path = ViewController.m; sourceTree = "<group>"; };
		651033E51D489013008D5C4F /* Base */ = {isa = PBXFileReference; lastKnownFileType = file.storyboard; name = Base; path = Base.lproj/Main.storyboard; sourceTree = "<group>"; };
		651033E71D489013008D5C4F /* Assets.xcassets */ = {isa = PBXFileReference; lastKnownFileType = folder.assetcatalog; path = Assets.xcassets; sourceTree = "<group>"; };
		651033EA1D489013008D5C4F /* Base */ = {isa = PBXFileReference; lastKnownFileType = file.storyboard; name = Base; path = Base.lproj/LaunchScreen.storyboard; sourceTree = "<group>"; };
		651033EC1D489013008D5C4F /* Info.plist */ = {isa = PBXFileReference; lastKnownFileType = text.plist.xml; path = Info.plist; sourceTree = "<group>"; };
		654F7EC81E6806D000700DFA /* GiftListViewController.h */ = {isa = PBXFileReference; fileEncoding = 4; lastKnownFileType = sourcecode.c.h; path = GiftListViewController.h; sourceTree = "<group>"; };
		654F7EC91E6806D000700DFA /* GiftListViewController.m */ = {isa = PBXFileReference; fileEncoding = 4; lastKnownFileType = sourcecode.c.objc; path = GiftListViewController.m; sourceTree = "<group>"; };
		654F7ECA1E6806D000700DFA /* GiftListViewModel.h */ = {isa = PBXFileReference; fileEncoding = 4; lastKnownFileType = sourcecode.c.h; path = GiftListViewModel.h; sourceTree = "<group>"; };
		654F7ECB1E6806D000700DFA /* GiftListViewModel.m */ = {isa = PBXFileReference; fileEncoding = 4; lastKnownFileType = sourcecode.c.objc; path = GiftListViewModel.m; sourceTree = "<group>"; };
		654F7ECD1E6806D000700DFA /* GiftAnimation.h */ = {isa = PBXFileReference; fileEncoding = 4; lastKnownFileType = sourcecode.c.h; path = GiftAnimation.h; sourceTree = "<group>"; };
		654F7ECE1E6806D000700DFA /* GiftAnimation.m */ = {isa = PBXFileReference; fileEncoding = 4; lastKnownFileType = sourcecode.c.objc; path = GiftAnimation.m; sourceTree = "<group>"; };
		654F7ECF1E6806D000700DFA /* GiftAnimationConfig.h */ = {isa = PBXFileReference; fileEncoding = 4; lastKnownFileType = sourcecode.c.h; path = GiftAnimationConfig.h; sourceTree = "<group>"; };
		654F7ED01E6806D000700DFA /* GiftAnimationConfig.m */ = {isa = PBXFileReference; fileEncoding = 4; lastKnownFileType = sourcecode.c.objc; path = GiftAnimationConfig.m; sourceTree = "<group>"; };
		654F7ED11E6806D000700DFA /* GiftItem.h */ = {isa = PBXFileReference; fileEncoding = 4; lastKnownFileType = sourcecode.c.h; path = GiftItem.h; sourceTree = "<group>"; };
		654F7ED21E6806D000700DFA /* GiftItem.m */ = {isa = PBXFileReference; fileEncoding = 4; lastKnownFileType = sourcecode.c.objc; path = GiftItem.m; sourceTree = "<group>"; };
		654F7ED41E6806D000700DFA /* GiftService.h */ = {isa = PBXFileReference; fileEncoding = 4; lastKnownFileType = sourcecode.c.h; path = GiftService.h; sourceTree = "<group>"; };
		654F7ED51E6806D000700DFA /* GiftService.m */ = {isa = PBXFileReference; fileEncoding = 4; lastKnownFileType = sourcecode.c.objc; path = GiftService.m; sourceTree = "<group>"; };
		654F7ED71E6806D000700DFA /* GiftListCell.h */ = {isa = PBXFileReference; fileEncoding = 4; lastKnownFileType = sourcecode.c.h; path = GiftListCell.h; sourceTree = "<group>"; };
		654F7ED81E6806D000700DFA /* GiftListCell.m */ = {isa = PBXFileReference; fileEncoding = 4; lastKnownFileType = sourcecode.c.objc; path = GiftListCell.m; sourceTree = "<group>"; };
		654F7ED91E6806D000700DFA /* GiftListCell.xib */ = {isa = PBXFileReference; fileEncoding = 4; lastKnownFileType = file.xib; path = GiftListCell.xib; sourceTree = "<group>"; };
		654F7EE21E68082600700DFA /* GiftItem_Private.h */ = {isa = PBXFileReference; fileEncoding = 4; lastKnownFileType = sourcecode.c.h; path = GiftItem_Private.h; sourceTree = "<group>"; };
		65DB7ECF1E681E580092CFBE /* GiftImageInfo.h */ = {isa = PBXFileReference; fileEncoding = 4; lastKnownFileType = sourcecode.c.h; path = GiftImageInfo.h; sourceTree = "<group>"; };
		65DB7ED01E681E580092CFBE /* GiftImageInfo.m */ = {isa = PBXFileReference; fileEncoding = 4; lastKnownFileType = sourcecode.c.objc; path = GiftImageInfo.m; sourceTree = "<group>"; };
		65F2AE001D5D8373003BC13F /* FXDeallocMonitor.h */ = {isa = PBXFileReference; fileEncoding = 4; lastKnownFileType = sourcecode.c.h; path = FXDeallocMonitor.h; sourceTree = "<group>"; };
		65F2AE011D5D8373003BC13F /* FXDeallocMonitor.m */ = {isa = PBXFileReference; fileEncoding = 4; lastKnownFileType = sourcecode.c.objc; path = FXDeallocMonitor.m; sourceTree = "<group>"; };
		830D8AF8DD0E626F4CCD8A83 /* libPods-FXKeyframeAnimationDemo.a */ = {isa = PBXFileReference; explicitFileType = archive.ar; includeInIndex = 0; path = "libPods-FXKeyframeAnimationDemo.a"; sourceTree = BUILT_PRODUCTS_DIR; };
		8972B42250B821B61529F0C5 /* Pods-FXAnimationEngineDemo.debug.xcconfig */ = {isa = PBXFileReference; includeInIndex = 1; lastKnownFileType = text.xcconfig; name = "Pods-FXAnimationEngineDemo.debug.xcconfig"; path = "Pods/Target Support Files/Pods-FXAnimationEngineDemo/Pods-FXAnimationEngineDemo.debug.xcconfig"; sourceTree = "<group>"; };
		8F9E5F295DFECD0CD5F0DDF5 /* libPods-FXAnimationEngineDemo.a */ = {isa = PBXFileReference; explicitFileType = archive.ar; includeInIndex = 0; path = "libPods-FXAnimationEngineDemo.a"; sourceTree = BUILT_PRODUCTS_DIR; };
		9D9BF60412533B0F7894DE2A /* Pods-FXKeyframeAnimationDemo.release.xcconfig */ = {isa = PBXFileReference; includeInIndex = 1; lastKnownFileType = text.xcconfig; name = "Pods-FXKeyframeAnimationDemo.release.xcconfig"; path = "Pods/Target Support Files/Pods-FXKeyframeAnimationDemo/Pods-FXKeyframeAnimationDemo.release.xcconfig"; sourceTree = "<group>"; };
/* End PBXFileReference section */

/* Begin PBXFrameworksBuildPhase section */
		2972DAFD1E670F7900906D92 /* Frameworks */ = {
			isa = PBXFrameworksBuildPhase;
			buildActionMask = 2147483647;
			files = (
				54ED31024B54DBBF7F08A81C /* libPods-FXAnimationEngineDemo.a in Frameworks */,
			);
			runOnlyForDeploymentPostprocessing = 0;
		};
/* End PBXFrameworksBuildPhase section */

/* Begin PBXGroup section */
		29B1B6321E67211100F88B25 /* FXAnimationEngine */ = {
			isa = PBXGroup;
			children = (
				29B1B6331E67211100F88B25 /* FXAnimaionEngineMacro.h */,
				29B1B6401E67211100F88B25 /* UIView+FXAnimationEngine.h */,
				29B1B6411E67211100F88B25 /* UIView+FXAnimationEngine.m */,
				29B1B6341E67211100F88B25 /* FXAnimation.h */,
				29B1B6351E67211100F88B25 /* FXAnimation.m */,
				29B1B6361E67211100F88B25 /* FXAnimationGroup.h */,
				29B1B6371E67211100F88B25 /* FXAnimationGroup.m */,
				29B1B6381E67211100F88B25 /* FXAnimationGroup_Private.h */,
				29B1B6391E67211100F88B25 /* FXKeyframeAnimation.h */,
				29B1B63A1E67211100F88B25 /* FXKeyframeAnimation.m */,
				29B1B63B1E67211100F88B25 /* FXKeyframeAnimation_Private.h */,
				29B1B63E1E67211100F88B25 /* UIImage+FXDecoder.h */,
				29B1B63F1E67211100F88B25 /* UIImage+FXDecoder.m */,
				29B1B63C1E67211100F88B25 /* NSTimer+FXWeakTimer.h */,
				29B1B63D1E67211100F88B25 /* NSTimer+FXWeakTimer.m */,
			);
			path = FXAnimationEngine;
			sourceTree = SOURCE_ROOT;
		};
		5DE2393FC8CCEA3DEA8B2DDA /* Pods */ = {
			isa = PBXGroup;
			children = (
				171D496EE877DC7B1B39D332 /* Pods-FXKeyframeAnimationDemo.debug.xcconfig */,
				9D9BF60412533B0F7894DE2A /* Pods-FXKeyframeAnimationDemo.release.xcconfig */,
				8972B42250B821B61529F0C5 /* Pods-FXAnimationEngineDemo.debug.xcconfig */,
				1A688BD3AF24B6126B29ED13 /* Pods-FXAnimationEngineDemo.release.xcconfig */,
			);
			name = Pods;
			sourceTree = "<group>";
		};
		651033CF1D489012008D5C4F = {
			isa = PBXGroup;
			children = (
				651033DA1D489013008D5C4F /* FXAnimationEngineDemo */,
				651033D91D489013008D5C4F /* Products */,
				5DE2393FC8CCEA3DEA8B2DDA /* Pods */,
				F897610990E7573A2F77ED43 /* Frameworks */,
			);
			sourceTree = "<group>";
		};
		651033D91D489013008D5C4F /* Products */ = {
			isa = PBXGroup;
			children = (
				2972DB091E670F7900906D92 /* FXAnimationEngineDemo.app */,
			);
			name = Products;
			sourceTree = "<group>";
		};
		651033DA1D489013008D5C4F /* FXAnimationEngineDemo */ = {
			isa = PBXGroup;
			children = (
				651033DE1D489013008D5C4F /* AppDelegate.h */,
				651033DF1D489013008D5C4F /* AppDelegate.m */,
				651033E11D489013008D5C4F /* ViewController.h */,
				651033E21D489013008D5C4F /* ViewController.m */,
				654F7EC61E6806D000700DFA /* GiftModule */,
				29B1B6321E67211100F88B25 /* FXAnimationEngine */,
				654E64821E669FBF007A50DF /* Util */,
				6535FFE71E66B73F00558A86 /* Resource */,
				651033E41D489013008D5C4F /* Main.storyboard */,
				651033E91D489013008D5C4F /* LaunchScreen.storyboard */,
				651033EC1D489013008D5C4F /* Info.plist */,
				651033DB1D489013008D5C4F /* Supporting Files */,
			);
			path = FXAnimationEngineDemo;
			sourceTree = "<group>";
		};
		651033DB1D489013008D5C4F /* Supporting Files */ = {
			isa = PBXGroup;
			children = (
				651033DC1D489013008D5C4F /* main.m */,
			);
			name = "Supporting Files";
			sourceTree = "<group>";
		};
		6535FFE71E66B73F00558A86 /* Resource */ = {
			isa = PBXGroup;
			children = (
				297C6E8F1E68733D006F2A0B /* gifts */,
				651033E71D489013008D5C4F /* Assets.xcassets */,
			);
			name = Resource;
			sourceTree = "<group>";
		};
		654E64821E669FBF007A50DF /* Util */ = {
			isa = PBXGroup;
			children = (
				65F2AE001D5D8373003BC13F /* FXDeallocMonitor.h */,
				65F2AE011D5D8373003BC13F /* FXDeallocMonitor.m */,
				297C6A491E686E4C006F2A0B /* NSObject+FXJSONConvert.h */,
				297C6A4A1E686E4C006F2A0B /* NSObject+FXJSONConvert.m */,
			);
			name = Util;
			sourceTree = "<group>";
		};
		654F7EC61E6806D000700DFA /* GiftModule */ = {
			isa = PBXGroup;
			children = (
				654F7EC71E6806D000700DFA /* Controller */,
				654F7ECC1E6806D000700DFA /* Model */,
				654F7ED61E6806D000700DFA /* View */,
				654F7ED31E6806D000700DFA /* Service */,
			);
			path = GiftModule;
			sourceTree = "<group>";
		};
		654F7EC71E6806D000700DFA /* Controller */ = {
			isa = PBXGroup;
			children = (
				654F7EC81E6806D000700DFA /* GiftListViewController.h */,
				654F7EC91E6806D000700DFA /* GiftListViewController.m */,
				654F7ECA1E6806D000700DFA /* GiftListViewModel.h */,
				654F7ECB1E6806D000700DFA /* GiftListViewModel.m */,
			);
			path = Controller;
			sourceTree = "<group>";
		};
		654F7ECC1E6806D000700DFA /* Model */ = {
			isa = PBXGroup;
			children = (
				654F7ED11E6806D000700DFA /* GiftItem.h */,
				654F7ED21E6806D000700DFA /* GiftItem.m */,
				654F7EE21E68082600700DFA /* GiftItem_Private.h */,
				654F7ECD1E6806D000700DFA /* GiftAnimation.h */,
				654F7ECE1E6806D000700DFA /* GiftAnimation.m */,
				654F7ECF1E6806D000700DFA /* GiftAnimationConfig.h */,
				654F7ED01E6806D000700DFA /* GiftAnimationConfig.m */,
				65DB7ECF1E681E580092CFBE /* GiftImageInfo.h */,
				65DB7ED01E681E580092CFBE /* GiftImageInfo.m */,
			);
			path = Model;
			sourceTree = "<group>";
		};
		654F7ED31E6806D000700DFA /* Service */ = {
			isa = PBXGroup;
			children = (
				654F7ED41E6806D000700DFA /* GiftService.h */,
				654F7ED51E6806D000700DFA /* GiftService.m */,
			);
			path = Service;
			sourceTree = "<group>";
		};
		654F7ED61E6806D000700DFA /* View */ = {
			isa = PBXGroup;
			children = (
				654F7ED71E6806D000700DFA /* GiftListCell.h */,
				654F7ED81E6806D000700DFA /* GiftListCell.m */,
				654F7ED91E6806D000700DFA /* GiftListCell.xib */,
			);
			path = View;
			sourceTree = "<group>";
		};
		F897610990E7573A2F77ED43 /* Frameworks */ = {
			isa = PBXGroup;
			children = (
				830D8AF8DD0E626F4CCD8A83 /* libPods-FXKeyframeAnimationDemo.a */,
				8F9E5F295DFECD0CD5F0DDF5 /* libPods-FXAnimationEngineDemo.a */,
			);
			name = Frameworks;
			sourceTree = "<group>";
		};
/* End PBXGroup section */

/* Begin PBXNativeTarget section */
		2972DAF01E670F7900906D92 /* FXAnimationEngineDemo */ = {
			isa = PBXNativeTarget;
			buildConfigurationList = 2972DB061E670F7900906D92 /* Build configuration list for PBXNativeTarget "FXAnimationEngineDemo" */;
			buildPhases = (
				2972DAF11E670F7900906D92 /* [CP] Check Pods Manifest.lock */,
				2972DAF21E670F7900906D92 /* Sources */,
				2972DAFD1E670F7900906D92 /* Frameworks */,
				2972DAFF1E670F7900906D92 /* Resources */,
				2972DB041E670F7900906D92 /* [CP] Embed Pods Frameworks */,
				2972DB051E670F7900906D92 /* [CP] Copy Pods Resources */,
			);
			buildRules = (
			);
			dependencies = (
			);
			name = FXAnimationEngineDemo;
			productName = AnimationTest;
			productReference = 2972DB091E670F7900906D92 /* FXAnimationEngineDemo.app */;
			productType = "com.apple.product-type.application";
		};
/* End PBXNativeTarget section */

/* Begin PBXProject section */
		651033D01D489012008D5C4F /* Project object */ = {
			isa = PBXProject;
			attributes = {
				LastUpgradeCheck = 0820;
				ORGANIZATIONNAME = ShawnFoo;
				TargetAttributes = {
					2972DAF01E670F7900906D92 = {
						DevelopmentTeam = WGV2V2YLC8;
					};
				};
			};
			buildConfigurationList = 651033D31D489012008D5C4F /* Build configuration list for PBXProject "FXAnimationEngineDemo" */;
			compatibilityVersion = "Xcode 3.2";
			developmentRegion = English;
			hasScannedForEncodings = 0;
			knownRegions = (
				en,
				Base,
			);
			mainGroup = 651033CF1D489012008D5C4F;
			productRefGroup = 651033D91D489013008D5C4F /* Products */;
			projectDirPath = "";
			projectRoot = "";
			targets = (
				2972DAF01E670F7900906D92 /* FXAnimationEngineDemo */,
			);
		};
/* End PBXProject section */

/* Begin PBXResourcesBuildPhase section */
		2972DAFF1E670F7900906D92 /* Resources */ = {
			isa = PBXResourcesBuildPhase;
			buildActionMask = 2147483647;
			files = (
				2972DB001E670F7900906D92 /* LaunchScreen.storyboard in Resources */,
				654F7EE11E6806D000700DFA /* GiftListCell.xib in Resources */,
				2972DB021E670F7900906D92 /* Assets.xcassets in Resources */,
				2972DB031E670F7900906D92 /* Main.storyboard in Resources */,
				297C6E901E68733D006F2A0B /* gifts in Resources */,
			);
			runOnlyForDeploymentPostprocessing = 0;
		};
/* End PBXResourcesBuildPhase section */

/* Begin PBXShellScriptBuildPhase section */
		2972DAF11E670F7900906D92 /* [CP] Check Pods Manifest.lock */ = {
			isa = PBXShellScriptBuildPhase;
			buildActionMask = 2147483647;
			files = (
			);
			inputPaths = (
			);
			name = "[CP] Check Pods Manifest.lock";
			outputPaths = (
			);
			runOnlyForDeploymentPostprocessing = 0;
			shellPath = /bin/sh;
			shellScript = "diff \"${PODS_ROOT}/../Podfile.lock\" \"${PODS_ROOT}/Manifest.lock\" > /dev/null\nif [ $? != 0 ] ; then\n    # print error to STDERR\n    echo \"error: The sandbox is not in sync with the Podfile.lock. Run 'pod install' or update your CocoaPods installation.\" >&2\n    exit 1\nfi\n";
			showEnvVarsInLog = 0;
		};
		2972DB041E670F7900906D92 /* [CP] Embed Pods Frameworks */ = {
			isa = PBXShellScriptBuildPhase;
			buildActionMask = 2147483647;
			files = (
			);
			inputPaths = (
			);
			name = "[CP] Embed Pods Frameworks";
			outputPaths = (
			);
			runOnlyForDeploymentPostprocessing = 0;
			shellPath = /bin/sh;
			shellScript = "\"${SRCROOT}/Pods/Target Support Files/Pods-FXAnimationEngineDemo/Pods-FXAnimationEngineDemo-frameworks.sh\"\n";
			showEnvVarsInLog = 0;
		};
		2972DB051E670F7900906D92 /* [CP] Copy Pods Resources */ = {
			isa = PBXShellScriptBuildPhase;
			buildActionMask = 2147483647;
			files = (
			);
			inputPaths = (
			);
			name = "[CP] Copy Pods Resources";
			outputPaths = (
			);
			runOnlyForDeploymentPostprocessing = 0;
			shellPath = /bin/sh;
			shellScript = "\"${SRCROOT}/Pods/Target Support Files/Pods-FXAnimationEngineDemo/Pods-FXAnimationEngineDemo-resources.sh\"\n";
			showEnvVarsInLog = 0;
		};
/* End PBXShellScriptBuildPhase section */

/* Begin PBXSourcesBuildPhase section */
		2972DAF21E670F7900906D92 /* Sources */ = {
			isa = PBXSourcesBuildPhase;
			buildActionMask = 2147483647;
			files = (
				654F7EDC1E6806D000700DFA /* GiftAnimation.m in Sources */,
				29B1B6461E67211100F88B25 /* UIImage+FXDecoder.m in Sources */,
				654F7EE01E6806D000700DFA /* GiftListCell.m in Sources */,
				654F7EDD1E6806D000700DFA /* GiftAnimationConfig.m in Sources */,
				654F7EDF1E6806D000700DFA /* GiftService.m in Sources */,
				2972DAF31E670F7900906D92 /* ViewController.m in Sources */,
				2972DAF71E670F7900906D92 /* AppDelegate.m in Sources */,
				65DB7ED11E681E580092CFBE /* GiftImageInfo.m in Sources */,
				29B1B6431E67211100F88B25 /* FXAnimationGroup.m in Sources */,
				654F7EDE1E6806D000700DFA /* GiftItem.m in Sources */,
				29B1B6441E67211100F88B25 /* FXKeyframeAnimation.m in Sources */,
				29B1B6451E67211100F88B25 /* NSTimer+FXWeakTimer.m in Sources */,
				297C6A4B1E686E4C006F2A0B /* NSObject+FXJSONConvert.m in Sources */,
				29B1B6421E67211100F88B25 /* FXAnimation.m in Sources */,
				29B1B6471E67211100F88B25 /* UIView+FXAnimationEngine.m in Sources */,
				654F7EDB1E6806D000700DFA /* GiftListViewModel.m in Sources */,
				2972DAFA1E670F7900906D92 /* main.m in Sources */,
				654F7EDA1E6806D000700DFA /* GiftListViewController.m in Sources */,
				2972DAFC1E670F7900906D92 /* FXDeallocMonitor.m in Sources */,
			);
			runOnlyForDeploymentPostprocessing = 0;
		};
/* End PBXSourcesBuildPhase section */

/* Begin PBXVariantGroup section */
		651033E41D489013008D5C4F /* Main.storyboard */ = {
			isa = PBXVariantGroup;
			children = (
				651033E51D489013008D5C4F /* Base */,
			);
			name = Main.storyboard;
			sourceTree = "<group>";
		};
		651033E91D489013008D5C4F /* LaunchScreen.storyboard */ = {
			isa = PBXVariantGroup;
			children = (
				651033EA1D489013008D5C4F /* Base */,
			);
			name = LaunchScreen.storyboard;
			sourceTree = "<group>";
		};
/* End PBXVariantGroup section */

/* Begin XCBuildConfiguration section */
		2972DB071E670F7900906D92 /* Debug */ = {
			isa = XCBuildConfiguration;
			baseConfigurationReference = 8972B42250B821B61529F0C5 /* Pods-FXAnimationEngineDemo.debug.xcconfig */;
			buildSettings = {
				ASSETCATALOG_COMPILER_APPICON_NAME = AppIcon;
				DEVELOPMENT_TEAM = WGV2V2YLC8;
				INFOPLIST_FILE = "$(SRCROOT)/FXAnimationEngineDemo/Info.plist";
				LD_RUNPATH_SEARCH_PATHS = "$(inherited) @executable_path/Frameworks";
				OTHER_LDFLAGS = "$(inherited)";
				PRODUCT_BUNDLE_IDENTIFIER = com.ShawnFoo.FXAnimationEngineDemo;
				PRODUCT_NAME = "$(TARGET_NAME)";
			};
			name = Debug;
		};
		2972DB081E670F7900906D92 /* Release */ = {
			isa = XCBuildConfiguration;
			baseConfigurationReference = 1A688BD3AF24B6126B29ED13 /* Pods-FXAnimationEngineDemo.release.xcconfig */;
			buildSettings = {
				ASSETCATALOG_COMPILER_APPICON_NAME = AppIcon;
				DEVELOPMENT_TEAM = WGV2V2YLC8;
				INFOPLIST_FILE = "$(SRCROOT)/FXAnimationEngineDemo/Info.plist";
				LD_RUNPATH_SEARCH_PATHS = "$(inherited) @executable_path/Frameworks";
				OTHER_LDFLAGS = "$(inherited)";
				PRODUCT_BUNDLE_IDENTIFIER = com.ShawnFoo.FXAnimationEngineDemo;
				PRODUCT_NAME = "$(TARGET_NAME)";
			};
			name = Release;
		};
		651033ED1D489013008D5C4F /* Debug */ = {
			isa = XCBuildConfiguration;
			buildSettings = {
				ALWAYS_SEARCH_USER_PATHS = NO;
				CLANG_ANALYZER_NONNULL = YES;
				CLANG_CXX_LANGUAGE_STANDARD = "gnu++0x";
				CLANG_CXX_LIBRARY = "libc++";
				CLANG_ENABLE_MODULES = YES;
				CLANG_ENABLE_OBJC_ARC = YES;
				CLANG_WARN_BOOL_CONVERSION = YES;
				CLANG_WARN_CONSTANT_CONVERSION = YES;
				CLANG_WARN_DIRECT_OBJC_ISA_USAGE = YES_ERROR;
				CLANG_WARN_EMPTY_BODY = YES;
				CLANG_WARN_ENUM_CONVERSION = YES;
				CLANG_WARN_INFINITE_RECURSION = YES;
				CLANG_WARN_INT_CONVERSION = YES;
				CLANG_WARN_OBJC_ROOT_CLASS = YES_ERROR;
				CLANG_WARN_SUSPICIOUS_MOVE = YES;
				CLANG_WARN_UNREACHABLE_CODE = YES;
				CLANG_WARN__DUPLICATE_METHOD_MATCH = YES;
				"CODE_SIGN_IDENTITY[sdk=iphoneos*]" = "iPhone Developer";
				COPY_PHASE_STRIP = NO;
				DEBUG_INFORMATION_FORMAT = dwarf;
				ENABLE_STRICT_OBJC_MSGSEND = YES;
				ENABLE_TESTABILITY = YES;
				GCC_C_LANGUAGE_STANDARD = gnu99;
				GCC_DYNAMIC_NO_PIC = NO;
				GCC_NO_COMMON_BLOCKS = YES;
				GCC_OPTIMIZATION_LEVEL = 0;
				GCC_PREPROCESSOR_DEFINITIONS = (
					"DEBUG=1",
					"$(inherited)",
				);
				GCC_WARN_64_TO_32_BIT_CONVERSION = YES;
				GCC_WARN_ABOUT_RETURN_TYPE = YES_ERROR;
				GCC_WARN_UNDECLARED_SELECTOR = YES;
				GCC_WARN_UNINITIALIZED_AUTOS = YES_AGGRESSIVE;
				GCC_WARN_UNUSED_FUNCTION = YES;
				GCC_WARN_UNUSED_VARIABLE = YES;
				IPHONEOS_DEPLOYMENT_TARGET = 8.0;
				MTL_ENABLE_DEBUG_INFO = YES;
				ONLY_ACTIVE_ARCH = YES;
				SDKROOT = iphoneos;
			};
			name = Debug;
		};
		651033EE1D489013008D5C4F /* Release */ = {
			isa = XCBuildConfiguration;
			buildSettings = {
				ALWAYS_SEARCH_USER_PATHS = NO;
				CLANG_ANALYZER_NONNULL = YES;
				CLANG_CXX_LANGUAGE_STANDARD = "gnu++0x";
				CLANG_CXX_LIBRARY = "libc++";
				CLANG_ENABLE_MODULES = YES;
				CLANG_ENABLE_OBJC_ARC = YES;
				CLANG_WARN_BOOL_CONVERSION = YES;
				CLANG_WARN_CONSTANT_CONVERSION = YES;
				CLANG_WARN_DIRECT_OBJC_ISA_USAGE = YES_ERROR;
				CLANG_WARN_EMPTY_BODY = YES;
				CLANG_WARN_ENUM_CONVERSION = YES;
				CLANG_WARN_INFINITE_RECURSION = YES;
				CLANG_WARN_INT_CONVERSION = YES;
				CLANG_WARN_OBJC_ROOT_CLASS = YES_ERROR;
				CLANG_WARN_SUSPICIOUS_MOVE = YES;
				CLANG_WARN_UNREACHABLE_CODE = YES;
				CLANG_WARN__DUPLICATE_METHOD_MATCH = YES;
				"CODE_SIGN_IDENTITY[sdk=iphoneos*]" = "iPhone Developer";
				COPY_PHASE_STRIP = NO;
				DEBUG_INFORMATION_FORMAT = "dwarf-with-dsym";
				ENABLE_NS_ASSERTIONS = NO;
				ENABLE_STRICT_OBJC_MSGSEND = YES;
				GCC_C_LANGUAGE_STANDARD = gnu99;
				GCC_NO_COMMON_BLOCKS = YES;
				GCC_WARN_64_TO_32_BIT_CONVERSION = YES;
				GCC_WARN_ABOUT_RETURN_TYPE = YES_ERROR;
				GCC_WARN_UNDECLARED_SELECTOR = YES;
				GCC_WARN_UNINITIALIZED_AUTOS = YES_AGGRESSIVE;
				GCC_WARN_UNUSED_FUNCTION = YES;
				GCC_WARN_UNUSED_VARIABLE = YES;
				IPHONEOS_DEPLOYMENT_TARGET = 8.0;
				MTL_ENABLE_DEBUG_INFO = NO;
				SDKROOT = iphoneos;
				VALIDATE_PRODUCT = YES;
			};
			name = Release;
		};
/* End XCBuildConfiguration section */

/* Begin XCConfigurationList section */
		2972DB061E670F7900906D92 /* Build configuration list for PBXNativeTarget "FXAnimationEngineDemo" */ = {
			isa = XCConfigurationList;
			buildConfigurations = (
				2972DB071E670F7900906D92 /* Debug */,
				2972DB081E670F7900906D92 /* Release */,
			);
			defaultConfigurationIsVisible = 0;
			defaultConfigurationName = Release;
		};
		651033D31D489012008D5C4F /* Build configuration list for PBXProject "FXAnimationEngineDemo" */ = {
			isa = XCConfigurationList;
			buildConfigurations = (
				651033ED1D489013008D5C4F /* Debug */,
				651033EE1D489013008D5C4F /* Release */,
			);
			defaultConfigurationIsVisible = 0;
			defaultConfigurationName = Release;
		};
/* End XCConfigurationList section */
	};
	rootObject = 651033D01D489012008D5C4F /* Project object */;
}
